// !$*UTF8*$!
{
	archiveVersion = 1;
	classes = {
	};
	objectVersion = 56;
	objects = {

/* Begin PBXBuildFile section */
		CE41410529BB361D008845ED /* SourceModel.swift in Sources */ = {isa = PBXBuildFile; fileRef = CE41410429BB361D008845ED /* SourceModel.swift */; };
		CE41410F29BB4260008845ED /* ArticleProtocol.swift in Sources */ = {isa = PBXBuildFile; fileRef = CE41410E29BB4260008845ED /* ArticleProtocol.swift */; };
		CE41411129BB426C008845ED /* ArticleInteractor.swift in Sources */ = {isa = PBXBuildFile; fileRef = CE41411029BB426C008845ED /* ArticleInteractor.swift */; };
		CE41411329BB427F008845ED /* ArticleRouter.swift in Sources */ = {isa = PBXBuildFile; fileRef = CE41411229BB427F008845ED /* ArticleRouter.swift */; };
		CE41411529BB428A008845ED /* ArticlePresenter.swift in Sources */ = {isa = PBXBuildFile; fileRef = CE41411429BB428A008845ED /* ArticlePresenter.swift */; };
		CE41411729BB42B1008845ED /* ArticleViewController.swift in Sources */ = {isa = PBXBuildFile; fileRef = CE41411629BB42B1008845ED /* ArticleViewController.swift */; };
		CE41412229BB8554008845ED /* ArticleDetailProtocol.swift in Sources */ = {isa = PBXBuildFile; fileRef = CE41412129BB8554008845ED /* ArticleDetailProtocol.swift */; };
		CE41412529BB86A8008845ED /* ArticleDetailRouter.swift in Sources */ = {isa = PBXBuildFile; fileRef = CE41412429BB86A8008845ED /* ArticleDetailRouter.swift */; };
		CE41412829BB8722008845ED /* ArticleDetailPresenter.swift in Sources */ = {isa = PBXBuildFile; fileRef = CE41412729BB8722008845ED /* ArticleDetailPresenter.swift */; };
		CE41412B29BB875F008845ED /* ArticleDetailInteractor.swift in Sources */ = {isa = PBXBuildFile; fileRef = CE41412A29BB875F008845ED /* ArticleDetailInteractor.swift */; };
		CE41412D29BB9318008845ED /* Alert.swift in Sources */ = {isa = PBXBuildFile; fileRef = CE41412C29BB9318008845ED /* Alert.swift */; };
		CE794C9429B9DA2E0040B2D5 /* CategoryCell.swift in Sources */ = {isa = PBXBuildFile; fileRef = CE794C9329B9DA2E0040B2D5 /* CategoryCell.swift */; };
		CE794C9629B9E9F40040B2D5 /* ArticleModel.swift in Sources */ = {isa = PBXBuildFile; fileRef = CE794C9529B9E9F40040B2D5 /* ArticleModel.swift */; };
		CE794CA029B9FA2A0040B2D5 /* CommonTableViewCell.swift in Sources */ = {isa = PBXBuildFile; fileRef = CE794C9F29B9FA2A0040B2D5 /* CommonTableViewCell.swift */; };
		CE794CA329BA399A0040B2D5 /* ArticleDetailViewController.swift in Sources */ = {isa = PBXBuildFile; fileRef = CE794CA229BA399A0040B2D5 /* ArticleDetailViewController.swift */; };
		CE794CA629BA423F0040B2D5 /* Kingfisher in Frameworks */ = {isa = PBXBuildFile; productRef = CE794CA529BA423F0040B2D5 /* Kingfisher */; };
		CE794CF729BADAA50040B2D5 /* CategoryRouter.swift in Sources */ = {isa = PBXBuildFile; fileRef = CE794CF629BADAA50040B2D5 /* CategoryRouter.swift */; };
		CE794CF929BADAFA0040B2D5 /* CategoryProtocol.swift in Sources */ = {isa = PBXBuildFile; fileRef = CE794CF829BADAFA0040B2D5 /* CategoryProtocol.swift */; };
		CE794CFB29BADC010040B2D5 /* CategoryPresenter.swift in Sources */ = {isa = PBXBuildFile; fileRef = CE794CFA29BADC010040B2D5 /* CategoryPresenter.swift */; };
		CE794CFD29BADCF30040B2D5 /* CategoryViewController.swift in Sources */ = {isa = PBXBuildFile; fileRef = CE794CFC29BADCF30040B2D5 /* CategoryViewController.swift */; };
		CE794CFF29BADD8A0040B2D5 /* CategoryInteractor.swift in Sources */ = {isa = PBXBuildFile; fileRef = CE794CFE29BADD8A0040B2D5 /* CategoryInteractor.swift */; };
		CE794D0A29BB0A830040B2D5 /* SourceInteractor.swift in Sources */ = {isa = PBXBuildFile; fileRef = CE794D0929BB0A830040B2D5 /* SourceInteractor.swift */; };
		CE794D0C29BB0A8E0040B2D5 /* SourceViewController.swift in Sources */ = {isa = PBXBuildFile; fileRef = CE794D0B29BB0A8E0040B2D5 /* SourceViewController.swift */; };
		CE794D0E29BB0AA20040B2D5 /* SourceProtocol.swift in Sources */ = {isa = PBXBuildFile; fileRef = CE794D0D29BB0AA20040B2D5 /* SourceProtocol.swift */; };
		CE794D1029BB0AAD0040B2D5 /* SourceRouter.swift in Sources */ = {isa = PBXBuildFile; fileRef = CE794D0F29BB0AAD0040B2D5 /* SourceRouter.swift */; };
		CE794D1229BB0AB70040B2D5 /* SourcePresenter.swift in Sources */ = {isa = PBXBuildFile; fileRef = CE794D1129BB0AB70040B2D5 /* SourcePresenter.swift */; };
		CEC39F6129B9BA0900C75B2B /* AppDelegate.swift in Sources */ = {isa = PBXBuildFile; fileRef = CEC39F6029B9BA0900C75B2B /* AppDelegate.swift */; };
		CEC39F6329B9BA0900C75B2B /* SceneDelegate.swift in Sources */ = {isa = PBXBuildFile; fileRef = CEC39F6229B9BA0900C75B2B /* SceneDelegate.swift */; };
		CEC39F6B29B9BA0900C75B2B /* News.xcdatamodeld in Sources */ = {isa = PBXBuildFile; fileRef = CEC39F6929B9BA0900C75B2B /* News.xcdatamodeld */; };
		CEC39F6D29B9BA0F00C75B2B /* Assets.xcassets in Resources */ = {isa = PBXBuildFile; fileRef = CEC39F6C29B9BA0F00C75B2B /* Assets.xcassets */; };
		CEC39F7029B9BA0F00C75B2B /* LaunchScreen.storyboard in Resources */ = {isa = PBXBuildFile; fileRef = CEC39F6E29B9BA0F00C75B2B /* LaunchScreen.storyboard */; };
		CEC39F7B29B9BA1000C75B2B /* NewsTests.swift in Sources */ = {isa = PBXBuildFile; fileRef = CEC39F7A29B9BA1000C75B2B /* NewsTests.swift */; };
		CEC39F8529B9BA1000C75B2B /* NewsUITests.swift in Sources */ = {isa = PBXBuildFile; fileRef = CEC39F8429B9BA1000C75B2B /* NewsUITests.swift */; };
		CEC39F8729B9BA1000C75B2B /* NewsUITestsLaunchTests.swift in Sources */ = {isa = PBXBuildFile; fileRef = CEC39F8629B9BA1000C75B2B /* NewsUITestsLaunchTests.swift */; };
		CEC3A12B29B9C00C00C75B2B /* SnapKit in Frameworks */ = {isa = PBXBuildFile; productRef = CEC3A12A29B9C00C00C75B2B /* SnapKit */; };
		CEC3A12F29B9C29F00C75B2B /* APIManager.swift in Sources */ = {isa = PBXBuildFile; fileRef = CEC3A12E29B9C29E00C75B2B /* APIManager.swift */; };
		CEC3A13129B9C2FF00C75B2B /* Constant.swift in Sources */ = {isa = PBXBuildFile; fileRef = CEC3A13029B9C2FF00C75B2B /* Constant.swift */; };
		CEC3A13829B9C34B00C75B2B /* BaseView.swift in Sources */ = {isa = PBXBuildFile; fileRef = CEC3A13729B9C34B00C75B2B /* BaseView.swift */; };
		CEC3A13B29B9C39F00C75B2B /* Extension.swift in Sources */ = {isa = PBXBuildFile; fileRef = CEC3A13A29B9C39F00C75B2B /* Extension.swift */; };
		CEC3A14529B9C70D00C75B2B /* LoadingIndicator.swift in Sources */ = {isa = PBXBuildFile; fileRef = CEC3A14429B9C70D00C75B2B /* LoadingIndicator.swift */; };
/* End PBXBuildFile section */

/* Begin PBXContainerItemProxy section */
		CEC39F7729B9BA1000C75B2B /* PBXContainerItemProxy */ = {
			isa = PBXContainerItemProxy;
			containerPortal = CEC39F5529B9BA0900C75B2B /* Project object */;
			proxyType = 1;
			remoteGlobalIDString = CEC39F5C29B9BA0900C75B2B;
			remoteInfo = News;
		};
		CEC39F8129B9BA1000C75B2B /* PBXContainerItemProxy */ = {
			isa = PBXContainerItemProxy;
			containerPortal = CEC39F5529B9BA0900C75B2B /* Project object */;
			proxyType = 1;
			remoteGlobalIDString = CEC39F5C29B9BA0900C75B2B;
			remoteInfo = News;
		};
/* End PBXContainerItemProxy section */

/* Begin PBXFileReference section */
		CE41410429BB361D008845ED /* SourceModel.swift */ = {isa = PBXFileReference; fileEncoding = 4; lastKnownFileType = sourcecode.swift; path = SourceModel.swift; sourceTree = "<group>"; };
		CE41410E29BB4260008845ED /* ArticleProtocol.swift */ = {isa = PBXFileReference; lastKnownFileType = sourcecode.swift; path = ArticleProtocol.swift; sourceTree = "<group>"; };
		CE41411029BB426C008845ED /* ArticleInteractor.swift */ = {isa = PBXFileReference; lastKnownFileType = sourcecode.swift; path = ArticleInteractor.swift; sourceTree = "<group>"; };
		CE41411229BB427F008845ED /* ArticleRouter.swift */ = {isa = PBXFileReference; lastKnownFileType = sourcecode.swift; path = ArticleRouter.swift; sourceTree = "<group>"; };
		CE41411429BB428A008845ED /* ArticlePresenter.swift */ = {isa = PBXFileReference; lastKnownFileType = sourcecode.swift; path = ArticlePresenter.swift; sourceTree = "<group>"; };
		CE41411629BB42B1008845ED /* ArticleViewController.swift */ = {isa = PBXFileReference; lastKnownFileType = sourcecode.swift; path = ArticleViewController.swift; sourceTree = "<group>"; };
		CE41412129BB8554008845ED /* ArticleDetailProtocol.swift */ = {isa = PBXFileReference; lastKnownFileType = sourcecode.swift; path = ArticleDetailProtocol.swift; sourceTree = "<group>"; };
		CE41412429BB86A8008845ED /* ArticleDetailRouter.swift */ = {isa = PBXFileReference; lastKnownFileType = sourcecode.swift; path = ArticleDetailRouter.swift; sourceTree = "<group>"; };
		CE41412729BB8722008845ED /* ArticleDetailPresenter.swift */ = {isa = PBXFileReference; lastKnownFileType = sourcecode.swift; path = ArticleDetailPresenter.swift; sourceTree = "<group>"; };
		CE41412A29BB875F008845ED /* ArticleDetailInteractor.swift */ = {isa = PBXFileReference; lastKnownFileType = sourcecode.swift; path = ArticleDetailInteractor.swift; sourceTree = "<group>"; };
		CE41412C29BB9318008845ED /* Alert.swift */ = {isa = PBXFileReference; lastKnownFileType = sourcecode.swift; path = Alert.swift; sourceTree = "<group>"; };
		CE794C9329B9DA2E0040B2D5 /* CategoryCell.swift */ = {isa = PBXFileReference; lastKnownFileType = sourcecode.swift; path = CategoryCell.swift; sourceTree = "<group>"; };
		CE794C9529B9E9F40040B2D5 /* ArticleModel.swift */ = {isa = PBXFileReference; lastKnownFileType = sourcecode.swift; path = ArticleModel.swift; sourceTree = "<group>"; };
		CE794C9F29B9FA2A0040B2D5 /* CommonTableViewCell.swift */ = {isa = PBXFileReference; lastKnownFileType = sourcecode.swift; path = CommonTableViewCell.swift; sourceTree = "<group>"; };
		CE794CA229BA399A0040B2D5 /* ArticleDetailViewController.swift */ = {isa = PBXFileReference; lastKnownFileType = sourcecode.swift; path = ArticleDetailViewController.swift; sourceTree = "<group>"; };
		CE794CF629BADAA50040B2D5 /* CategoryRouter.swift */ = {isa = PBXFileReference; lastKnownFileType = sourcecode.swift; path = CategoryRouter.swift; sourceTree = "<group>"; };
		CE794CF829BADAFA0040B2D5 /* CategoryProtocol.swift */ = {isa = PBXFileReference; lastKnownFileType = sourcecode.swift; path = CategoryProtocol.swift; sourceTree = "<group>"; };
		CE794CFA29BADC010040B2D5 /* CategoryPresenter.swift */ = {isa = PBXFileReference; lastKnownFileType = sourcecode.swift; path = CategoryPresenter.swift; sourceTree = "<group>"; };
		CE794CFC29BADCF30040B2D5 /* CategoryViewController.swift */ = {isa = PBXFileReference; lastKnownFileType = sourcecode.swift; path = CategoryViewController.swift; sourceTree = "<group>"; };
		CE794CFE29BADD8A0040B2D5 /* CategoryInteractor.swift */ = {isa = PBXFileReference; lastKnownFileType = sourcecode.swift; path = CategoryInteractor.swift; sourceTree = "<group>"; };
		CE794D0929BB0A830040B2D5 /* SourceInteractor.swift */ = {isa = PBXFileReference; lastKnownFileType = sourcecode.swift; path = SourceInteractor.swift; sourceTree = "<group>"; };
		CE794D0B29BB0A8E0040B2D5 /* SourceViewController.swift */ = {isa = PBXFileReference; lastKnownFileType = sourcecode.swift; path = SourceViewController.swift; sourceTree = "<group>"; };
		CE794D0D29BB0AA20040B2D5 /* SourceProtocol.swift */ = {isa = PBXFileReference; lastKnownFileType = sourcecode.swift; path = SourceProtocol.swift; sourceTree = "<group>"; };
		CE794D0F29BB0AAD0040B2D5 /* SourceRouter.swift */ = {isa = PBXFileReference; lastKnownFileType = sourcecode.swift; path = SourceRouter.swift; sourceTree = "<group>"; };
		CE794D1129BB0AB70040B2D5 /* SourcePresenter.swift */ = {isa = PBXFileReference; lastKnownFileType = sourcecode.swift; path = SourcePresenter.swift; sourceTree = "<group>"; };
		CEC39F5D29B9BA0900C75B2B /* News.app */ = {isa = PBXFileReference; explicitFileType = wrapper.application; includeInIndex = 0; path = News.app; sourceTree = BUILT_PRODUCTS_DIR; };
		CEC39F6029B9BA0900C75B2B /* AppDelegate.swift */ = {isa = PBXFileReference; lastKnownFileType = sourcecode.swift; path = AppDelegate.swift; sourceTree = "<group>"; };
		CEC39F6229B9BA0900C75B2B /* SceneDelegate.swift */ = {isa = PBXFileReference; lastKnownFileType = sourcecode.swift; path = SceneDelegate.swift; sourceTree = "<group>"; };
		CEC39F6A29B9BA0900C75B2B /* News.xcdatamodel */ = {isa = PBXFileReference; lastKnownFileType = wrapper.xcdatamodel; path = News.xcdatamodel; sourceTree = "<group>"; };
		CEC39F6C29B9BA0F00C75B2B /* Assets.xcassets */ = {isa = PBXFileReference; lastKnownFileType = folder.assetcatalog; path = Assets.xcassets; sourceTree = "<group>"; };
		CEC39F6F29B9BA0F00C75B2B /* Base */ = {isa = PBXFileReference; lastKnownFileType = file.storyboard; name = Base; path = Base.lproj/LaunchScreen.storyboard; sourceTree = "<group>"; };
		CEC39F7129B9BA0F00C75B2B /* Info.plist */ = {isa = PBXFileReference; lastKnownFileType = text.plist.xml; path = Info.plist; sourceTree = "<group>"; };
		CEC39F7629B9BA1000C75B2B /* NewsTests.xctest */ = {isa = PBXFileReference; explicitFileType = wrapper.cfbundle; includeInIndex = 0; path = NewsTests.xctest; sourceTree = BUILT_PRODUCTS_DIR; };
		CEC39F7A29B9BA1000C75B2B /* NewsTests.swift */ = {isa = PBXFileReference; lastKnownFileType = sourcecode.swift; path = NewsTests.swift; sourceTree = "<group>"; };
		CEC39F8029B9BA1000C75B2B /* NewsUITests.xctest */ = {isa = PBXFileReference; explicitFileType = wrapper.cfbundle; includeInIndex = 0; path = NewsUITests.xctest; sourceTree = BUILT_PRODUCTS_DIR; };
		CEC39F8429B9BA1000C75B2B /* NewsUITests.swift */ = {isa = PBXFileReference; lastKnownFileType = sourcecode.swift; path = NewsUITests.swift; sourceTree = "<group>"; };
		CEC39F8629B9BA1000C75B2B /* NewsUITestsLaunchTests.swift */ = {isa = PBXFileReference; lastKnownFileType = sourcecode.swift; path = NewsUITestsLaunchTests.swift; sourceTree = "<group>"; };
		CEC3A12E29B9C29E00C75B2B /* APIManager.swift */ = {isa = PBXFileReference; lastKnownFileType = sourcecode.swift; path = APIManager.swift; sourceTree = "<group>"; };
		CEC3A13029B9C2FF00C75B2B /* Constant.swift */ = {isa = PBXFileReference; lastKnownFileType = sourcecode.swift; path = Constant.swift; sourceTree = "<group>"; };
		CEC3A13729B9C34B00C75B2B /* BaseView.swift */ = {isa = PBXFileReference; lastKnownFileType = sourcecode.swift; path = BaseView.swift; sourceTree = "<group>"; };
		CEC3A13A29B9C39F00C75B2B /* Extension.swift */ = {isa = PBXFileReference; lastKnownFileType = sourcecode.swift; path = Extension.swift; sourceTree = "<group>"; };
		CEC3A14429B9C70D00C75B2B /* LoadingIndicator.swift */ = {isa = PBXFileReference; lastKnownFileType = sourcecode.swift; path = LoadingIndicator.swift; sourceTree = "<group>"; };
/* End PBXFileReference section */

/* Begin PBXFrameworksBuildPhase section */
		CEC39F5A29B9BA0900C75B2B /* Frameworks */ = {
			isa = PBXFrameworksBuildPhase;
			buildActionMask = 2147483647;
			files = (
				CEC3A12B29B9C00C00C75B2B /* SnapKit in Frameworks */,
				CE794CA629BA423F0040B2D5 /* Kingfisher in Frameworks */,
			);
			runOnlyForDeploymentPostprocessing = 0;
		};
		CEC39F7329B9BA1000C75B2B /* Frameworks */ = {
			isa = PBXFrameworksBuildPhase;
			buildActionMask = 2147483647;
			files = (
			);
			runOnlyForDeploymentPostprocessing = 0;
		};
		CEC39F7D29B9BA1000C75B2B /* Frameworks */ = {
			isa = PBXFrameworksBuildPhase;
			buildActionMask = 2147483647;
			files = (
			);
			runOnlyForDeploymentPostprocessing = 0;
		};
/* End PBXFrameworksBuildPhase section */

/* Begin PBXGroup section */
		CE41410629BB3697008845ED /* Entity */ = {
			isa = PBXGroup;
			children = (
			);
			path = Entity;
			sourceTree = "<group>";
		};
		CE41410729BB36A1008845ED /* Entity */ = {
			isa = PBXGroup;
			children = (
				CE41410429BB361D008845ED /* SourceModel.swift */,
			);
			path = Entity;
			sourceTree = "<group>";
		};
		CE41410829BB36A9008845ED /* Interactor */ = {
			isa = PBXGroup;
			children = (
				CE794D0929BB0A830040B2D5 /* SourceInteractor.swift */,
			);
			path = Interactor;
			sourceTree = "<group>";
		};
		CE41410929BB36B3008845ED /* View */ = {
			isa = PBXGroup;
			children = (
				CE794D0B29BB0A8E0040B2D5 /* SourceViewController.swift */,
			);
			path = View;
			sourceTree = "<group>";
		};
		CE41410A29BB36BD008845ED /* Protocol */ = {
			isa = PBXGroup;
			children = (
				CE794D0D29BB0AA20040B2D5 /* SourceProtocol.swift */,
			);
			path = Protocol;
			sourceTree = "<group>";
		};
		CE41410B29BB36D9008845ED /* Router */ = {
			isa = PBXGroup;
			children = (
				CE794D0F29BB0AAD0040B2D5 /* SourceRouter.swift */,
			);
			path = Router;
			sourceTree = "<group>";
		};
		CE41410C29BB36E9008845ED /* Presenter */ = {
			isa = PBXGroup;
			children = (
				CE794D1129BB0AB70040B2D5 /* SourcePresenter.swift */,
			);
			path = Presenter;
			sourceTree = "<group>";
		};
		CE41411829BB6DD3008845ED /* Protocol */ = {
			isa = PBXGroup;
			children = (
				CE41410E29BB4260008845ED /* ArticleProtocol.swift */,
			);
			path = Protocol;
			sourceTree = "<group>";
		};
		CE41411929BB6DDC008845ED /* Interactor */ = {
			isa = PBXGroup;
			children = (
				CE41411029BB426C008845ED /* ArticleInteractor.swift */,
			);
			path = Interactor;
			sourceTree = "<group>";
		};
		CE41411A29BB6DE6008845ED /* Entity */ = {
			isa = PBXGroup;
			children = (
				CE794C9529B9E9F40040B2D5 /* ArticleModel.swift */,
			);
			path = Entity;
			sourceTree = "<group>";
		};
		CE41411B29BB6DFF008845ED /* Router */ = {
			isa = PBXGroup;
			children = (
				CE41411229BB427F008845ED /* ArticleRouter.swift */,
			);
			path = Router;
			sourceTree = "<group>";
		};
		CE41411C29BB6E07008845ED /* Presenter */ = {
			isa = PBXGroup;
			children = (
				CE41411429BB428A008845ED /* ArticlePresenter.swift */,
			);
			path = Presenter;
			sourceTree = "<group>";
		};
		CE41411D29BB6E11008845ED /* View */ = {
			isa = PBXGroup;
			children = (
				CE41411629BB42B1008845ED /* ArticleViewController.swift */,
			);
			path = View;
			sourceTree = "<group>";
		};
		CE41411E29BB84E5008845ED /* View */ = {
			isa = PBXGroup;
			children = (
				CE794CA229BA399A0040B2D5 /* ArticleDetailViewController.swift */,
			);
			path = View;
			sourceTree = "<group>";
		};
		CE41411F29BB8537008845ED /* Protocol */ = {
			isa = PBXGroup;
			children = (
				CE41412129BB8554008845ED /* ArticleDetailProtocol.swift */,
			);
			path = Protocol;
			sourceTree = "<group>";
		};
		CE41412329BB8695008845ED /* Router */ = {
			isa = PBXGroup;
			children = (
				CE41412429BB86A8008845ED /* ArticleDetailRouter.swift */,
			);
			path = Router;
			sourceTree = "<group>";
		};
		CE41412629BB8713008845ED /* Presenter */ = {
			isa = PBXGroup;
			children = (
				CE41412729BB8722008845ED /* ArticleDetailPresenter.swift */,
			);
			path = Presenter;
			sourceTree = "<group>";
		};
		CE41412929BB874C008845ED /* Interactor */ = {
			isa = PBXGroup;
			children = (
				CE41412A29BB875F008845ED /* ArticleDetailInteractor.swift */,
			);
			path = Interactor;
			sourceTree = "<group>";
		};
		CE41412E29BB93CB008845ED /* Alert */ = {
			isa = PBXGroup;
			children = (
				CE41412C29BB9318008845ED /* Alert.swift */,
			);
			path = Alert;
			sourceTree = "<group>";
		};
		CE794C9729B9F0120040B2D5 /* Source */ = {
			isa = PBXGroup;
			children = (
				CE41410C29BB36E9008845ED /* Presenter */,
				CE41410B29BB36D9008845ED /* Router */,
				CE41410A29BB36BD008845ED /* Protocol */,
				CE41410929BB36B3008845ED /* View */,
				CE41410829BB36A9008845ED /* Interactor */,
				CE41410729BB36A1008845ED /* Entity */,
			);
			path = Source;
			sourceTree = "<group>";
		};
		CE794C9E29B9F9F50040B2D5 /* TableViewCell */ = {
			isa = PBXGroup;
			children = (
				CE794C9F29B9FA2A0040B2D5 /* CommonTableViewCell.swift */,
			);
			path = TableViewCell;
			sourceTree = "<group>";
		};
		CE794CA129BA39850040B2D5 /* ArticleDetail */ = {
			isa = PBXGroup;
			children = (
				CE41412929BB874C008845ED /* Interactor */,
				CE41412629BB8713008845ED /* Presenter */,
				CE41412329BB8695008845ED /* Router */,
				CE41411F29BB8537008845ED /* Protocol */,
				CE41411E29BB84E5008845ED /* View */,
			);
			path = ArticleDetail;
			sourceTree = "<group>";
		};
		CE794CF429BADA360040B2D5 /* Base */ = {
			isa = PBXGroup;
			children = (
				CEC3A13729B9C34B00C75B2B /* BaseView.swift */,
			);
			path = Base;
			sourceTree = "<group>";
		};
		CE794D0229BB067D0040B2D5 /* Router */ = {
			isa = PBXGroup;
			children = (
				CE794CF629BADAA50040B2D5 /* CategoryRouter.swift */,
			);
			path = Router;
			sourceTree = "<group>";
		};
		CE794D0329BB06890040B2D5 /* Protocol */ = {
			isa = PBXGroup;
			children = (
				CE794CF829BADAFA0040B2D5 /* CategoryProtocol.swift */,
			);
			path = Protocol;
			sourceTree = "<group>";
		};
		CE794D0429BB069A0040B2D5 /* Presenter */ = {
			isa = PBXGroup;
			children = (
				CE794CFA29BADC010040B2D5 /* CategoryPresenter.swift */,
			);
			path = Presenter;
			sourceTree = "<group>";
		};
		CE794D0529BB06A20040B2D5 /* View */ = {
			isa = PBXGroup;
			children = (
				CE794C9329B9DA2E0040B2D5 /* CategoryCell.swift */,
				CE794CFC29BADCF30040B2D5 /* CategoryViewController.swift */,
			);
			path = View;
			sourceTree = "<group>";
		};
		CE794D0629BB06AD0040B2D5 /* Interactor */ = {
			isa = PBXGroup;
			children = (
				CE794CFE29BADD8A0040B2D5 /* CategoryInteractor.swift */,
			);
			path = Interactor;
			sourceTree = "<group>";
		};
		CEC39F5429B9BA0900C75B2B = {
			isa = PBXGroup;
			children = (
				CEC39F5F29B9BA0900C75B2B /* News */,
				CEC39F7929B9BA1000C75B2B /* NewsTests */,
				CEC39F8329B9BA1000C75B2B /* NewsUITests */,
				CEC39F5E29B9BA0900C75B2B /* Products */,
			);
			sourceTree = "<group>";
		};
		CEC39F5E29B9BA0900C75B2B /* Products */ = {
			isa = PBXGroup;
			children = (
				CEC39F5D29B9BA0900C75B2B /* News.app */,
				CEC39F7629B9BA1000C75B2B /* NewsTests.xctest */,
				CEC39F8029B9BA1000C75B2B /* NewsUITests.xctest */,
			);
			name = Products;
			sourceTree = "<group>";
		};
		CEC39F5F29B9BA0900C75B2B /* News */ = {
			isa = PBXGroup;
			children = (
				CEC3A12D29B9C28D00C75B2B /* Classes */,
				CEC39F7129B9BA0F00C75B2B /* Info.plist */,
				CEC3A12C29B9C08F00C75B2B /* Resource */,
			);
			path = News;
			sourceTree = "<group>";
		};
		CEC39F7929B9BA1000C75B2B /* NewsTests */ = {
			isa = PBXGroup;
			children = (
				CEC39F7A29B9BA1000C75B2B /* NewsTests.swift */,
			);
			path = NewsTests;
			sourceTree = "<group>";
		};
		CEC39F8329B9BA1000C75B2B /* NewsUITests */ = {
			isa = PBXGroup;
			children = (
				CEC39F8429B9BA1000C75B2B /* NewsUITests.swift */,
				CEC39F8629B9BA1000C75B2B /* NewsUITestsLaunchTests.swift */,
			);
			path = NewsUITests;
			sourceTree = "<group>";
		};
		CEC3A12C29B9C08F00C75B2B /* Resource */ = {
			isa = PBXGroup;
			children = (
				CEC39F6029B9BA0900C75B2B /* AppDelegate.swift */,
				CEC39F6229B9BA0900C75B2B /* SceneDelegate.swift */,
				CEC39F6C29B9BA0F00C75B2B /* Assets.xcassets */,
				CEC39F6E29B9BA0F00C75B2B /* LaunchScreen.storyboard */,
				CEC39F6929B9BA0900C75B2B /* News.xcdatamodeld */,
			);
			path = Resource;
			sourceTree = "<group>";
		};
		CEC3A12D29B9C28D00C75B2B /* Classes */ = {
			isa = PBXGroup;
			children = (
				CEC3A13929B9C35200C75B2B /* Common */,
				CEC3A13429B9C32D00C75B2B /* Manager */,
				CEC3A13229B9C30C00C75B2B /* Page */,
			);
			path = Classes;
			sourceTree = "<group>";
		};
		CEC3A13229B9C30C00C75B2B /* Page */ = {
			isa = PBXGroup;
			children = (
				CEC3A14929B9CF6000C75B2B /* Category */,
				CE794C9729B9F0120040B2D5 /* Source */,
				CEC3A14829B9CF5600C75B2B /* Article */,
				CE794CA129BA39850040B2D5 /* ArticleDetail */,
			);
			path = Page;
			sourceTree = "<group>";
		};
		CEC3A13429B9C32D00C75B2B /* Manager */ = {
			isa = PBXGroup;
			children = (
				CEC3A12E29B9C29E00C75B2B /* APIManager.swift */,
			);
			path = Manager;
			sourceTree = "<group>";
		};
		CEC3A13929B9C35200C75B2B /* Common */ = {
			isa = PBXGroup;
			children = (
				CE41412E29BB93CB008845ED /* Alert */,
				CE794C9E29B9F9F50040B2D5 /* TableViewCell */,
				CE794CF429BADA360040B2D5 /* Base */,
				CEC3A14329B9C70000C75B2B /* Loading Indicator */,
				CEC3A13A29B9C39F00C75B2B /* Extension.swift */,
				CEC3A13029B9C2FF00C75B2B /* Constant.swift */,
			);
			path = Common;
			sourceTree = "<group>";
		};
		CEC3A14329B9C70000C75B2B /* Loading Indicator */ = {
			isa = PBXGroup;
			children = (
				CEC3A14429B9C70D00C75B2B /* LoadingIndicator.swift */,
			);
			path = "Loading Indicator";
			sourceTree = "<group>";
		};
		CEC3A14829B9CF5600C75B2B /* Article */ = {
			isa = PBXGroup;
			children = (
				CE41411D29BB6E11008845ED /* View */,
				CE41411C29BB6E07008845ED /* Presenter */,
				CE41411B29BB6DFF008845ED /* Router */,
				CE41411A29BB6DE6008845ED /* Entity */,
				CE41411929BB6DDC008845ED /* Interactor */,
				CE41411829BB6DD3008845ED /* Protocol */,
			);
			path = Article;
			sourceTree = "<group>";
		};
		CEC3A14929B9CF6000C75B2B /* Category */ = {
			isa = PBXGroup;
			children = (
				CE41410629BB3697008845ED /* Entity */,
				CE794D0629BB06AD0040B2D5 /* Interactor */,
				CE794D0529BB06A20040B2D5 /* View */,
				CE794D0429BB069A0040B2D5 /* Presenter */,
				CE794D0329BB06890040B2D5 /* Protocol */,
				CE794D0229BB067D0040B2D5 /* Router */,
			);
			path = Category;
			sourceTree = "<group>";
		};
/* End PBXGroup section */

/* Begin PBXNativeTarget section */
		CEC39F5C29B9BA0900C75B2B /* News */ = {
			isa = PBXNativeTarget;
			buildConfigurationList = CEC39F8A29B9BA1000C75B2B /* Build configuration list for PBXNativeTarget "News" */;
			buildPhases = (
				CEC39F5929B9BA0900C75B2B /* Sources */,
				CEC39F5A29B9BA0900C75B2B /* Frameworks */,
				CEC39F5B29B9BA0900C75B2B /* Resources */,
			);
			buildRules = (
			);
			dependencies = (
			);
			name = News;
			packageProductDependencies = (
				CEC3A12A29B9C00C00C75B2B /* SnapKit */,
				CE794CA529BA423F0040B2D5 /* Kingfisher */,
			);
			productName = News;
			productReference = CEC39F5D29B9BA0900C75B2B /* News.app */;
			productType = "com.apple.product-type.application";
		};
		CEC39F7529B9BA1000C75B2B /* NewsTests */ = {
			isa = PBXNativeTarget;
			buildConfigurationList = CEC39F8D29B9BA1000C75B2B /* Build configuration list for PBXNativeTarget "NewsTests" */;
			buildPhases = (
				CEC39F7229B9BA1000C75B2B /* Sources */,
				CEC39F7329B9BA1000C75B2B /* Frameworks */,
				CEC39F7429B9BA1000C75B2B /* Resources */,
			);
			buildRules = (
			);
			dependencies = (
				CEC39F7829B9BA1000C75B2B /* PBXTargetDependency */,
			);
			name = NewsTests;
			productName = NewsTests;
			productReference = CEC39F7629B9BA1000C75B2B /* NewsTests.xctest */;
			productType = "com.apple.product-type.bundle.unit-test";
		};
		CEC39F7F29B9BA1000C75B2B /* NewsUITests */ = {
			isa = PBXNativeTarget;
			buildConfigurationList = CEC39F9029B9BA1000C75B2B /* Build configuration list for PBXNativeTarget "NewsUITests" */;
			buildPhases = (
				CEC39F7C29B9BA1000C75B2B /* Sources */,
				CEC39F7D29B9BA1000C75B2B /* Frameworks */,
				CEC39F7E29B9BA1000C75B2B /* Resources */,
			);
			buildRules = (
			);
			dependencies = (
				CEC39F8229B9BA1000C75B2B /* PBXTargetDependency */,
			);
			name = NewsUITests;
			productName = NewsUITests;
			productReference = CEC39F8029B9BA1000C75B2B /* NewsUITests.xctest */;
			productType = "com.apple.product-type.bundle.ui-testing";
		};
/* End PBXNativeTarget section */

/* Begin PBXProject section */
		CEC39F5529B9BA0900C75B2B /* Project object */ = {
			isa = PBXProject;
			attributes = {
				BuildIndependentTargetsInParallel = 1;
				LastSwiftUpdateCheck = 1420;
				LastUpgradeCheck = 1420;
				TargetAttributes = {
					CEC39F5C29B9BA0900C75B2B = {
						CreatedOnToolsVersion = 14.2;
					};
					CEC39F7529B9BA1000C75B2B = {
						CreatedOnToolsVersion = 14.2;
						TestTargetID = CEC39F5C29B9BA0900C75B2B;
					};
					CEC39F7F29B9BA1000C75B2B = {
						CreatedOnToolsVersion = 14.2;
						TestTargetID = CEC39F5C29B9BA0900C75B2B;
					};
				};
			};
			buildConfigurationList = CEC39F5829B9BA0900C75B2B /* Build configuration list for PBXProject "News" */;
			compatibilityVersion = "Xcode 14.0";
			developmentRegion = en;
			hasScannedForEncodings = 0;
			knownRegions = (
				en,
				Base,
			);
			mainGroup = CEC39F5429B9BA0900C75B2B;
			packageReferences = (
				CEC3A12929B9C00C00C75B2B /* XCRemoteSwiftPackageReference "SnapKit" */,
				CE794CA429BA423F0040B2D5 /* XCRemoteSwiftPackageReference "Kingfisher" */,
			);
			productRefGroup = CEC39F5E29B9BA0900C75B2B /* Products */;
			projectDirPath = "";
			projectRoot = "";
			targets = (
				CEC39F5C29B9BA0900C75B2B /* News */,
				CEC39F7529B9BA1000C75B2B /* NewsTests */,
				CEC39F7F29B9BA1000C75B2B /* NewsUITests */,
			);
		};
/* End PBXProject section */

/* Begin PBXResourcesBuildPhase section */
		CEC39F5B29B9BA0900C75B2B /* Resources */ = {
			isa = PBXResourcesBuildPhase;
			buildActionMask = 2147483647;
			files = (
				CEC39F7029B9BA0F00C75B2B /* LaunchScreen.storyboard in Resources */,
				CEC39F6D29B9BA0F00C75B2B /* Assets.xcassets in Resources */,
			);
			runOnlyForDeploymentPostprocessing = 0;
		};
		CEC39F7429B9BA1000C75B2B /* Resources */ = {
			isa = PBXResourcesBuildPhase;
			buildActionMask = 2147483647;
			files = (
			);
			runOnlyForDeploymentPostprocessing = 0;
		};
		CEC39F7E29B9BA1000C75B2B /* Resources */ = {
			isa = PBXResourcesBuildPhase;
			buildActionMask = 2147483647;
			files = (
			);
			runOnlyForDeploymentPostprocessing = 0;
		};
/* End PBXResourcesBuildPhase section */

/* Begin PBXSourcesBuildPhase section */
		CEC39F5929B9BA0900C75B2B /* Sources */ = {
			isa = PBXSourcesBuildPhase;
			buildActionMask = 2147483647;
			files = (
				CE794CFB29BADC010040B2D5 /* CategoryPresenter.swift in Sources */,
				CEC3A12F29B9C29F00C75B2B /* APIManager.swift in Sources */,
				CE41411529BB428A008845ED /* ArticlePresenter.swift in Sources */,
				CE41412229BB8554008845ED /* ArticleDetailProtocol.swift in Sources */,
				CE794CFD29BADCF30040B2D5 /* CategoryViewController.swift in Sources */,
				CE41412B29BB875F008845ED /* ArticleDetailInteractor.swift in Sources */,
				CEC3A14529B9C70D00C75B2B /* LoadingIndicator.swift in Sources */,
				CE41412829BB8722008845ED /* ArticleDetailPresenter.swift in Sources */,
				CE41411129BB426C008845ED /* ArticleInteractor.swift in Sources */,
				CE794CA329BA399A0040B2D5 /* ArticleDetailViewController.swift in Sources */,
				CE794CFF29BADD8A0040B2D5 /* CategoryInteractor.swift in Sources */,
				CE794C9429B9DA2E0040B2D5 /* CategoryCell.swift in Sources */,
				CEC39F6129B9BA0900C75B2B /* AppDelegate.swift in Sources */,
				CE41411729BB42B1008845ED /* ArticleViewController.swift in Sources */,
				CEC39F6B29B9BA0900C75B2B /* News.xcdatamodeld in Sources */,
				CEC39F6329B9BA0900C75B2B /* SceneDelegate.swift in Sources */,
				CE794D0C29BB0A8E0040B2D5 /* SourceViewController.swift in Sources */,
				CE794D1229BB0AB70040B2D5 /* SourcePresenter.swift in Sources */,
				CE41410529BB361D008845ED /* SourceModel.swift in Sources */,
				CE41410F29BB4260008845ED /* ArticleProtocol.swift in Sources */,
				CE41412D29BB9318008845ED /* Alert.swift in Sources */,
				CE794C9629B9E9F40040B2D5 /* ArticleModel.swift in Sources */,
				CE794D0A29BB0A830040B2D5 /* SourceInteractor.swift in Sources */,
				CE41412529BB86A8008845ED /* ArticleDetailRouter.swift in Sources */,
				CE41411329BB427F008845ED /* ArticleRouter.swift in Sources */,
				CEC3A13B29B9C39F00C75B2B /* Extension.swift in Sources */,
				CE794D1029BB0AAD0040B2D5 /* SourceRouter.swift in Sources */,
				CE794CA029B9FA2A0040B2D5 /* CommonTableViewCell.swift in Sources */,
				CEC3A13829B9C34B00C75B2B /* BaseView.swift in Sources */,
				CEC3A13129B9C2FF00C75B2B /* Constant.swift in Sources */,
				CE794CF729BADAA50040B2D5 /* CategoryRouter.swift in Sources */,
				CE794D0E29BB0AA20040B2D5 /* SourceProtocol.swift in Sources */,
				CE794CF929BADAFA0040B2D5 /* CategoryProtocol.swift in Sources */,
			);
			runOnlyForDeploymentPostprocessing = 0;
		};
		CEC39F7229B9BA1000C75B2B /* Sources */ = {
			isa = PBXSourcesBuildPhase;
			buildActionMask = 2147483647;
			files = (
				CEC39F7B29B9BA1000C75B2B /* NewsTests.swift in Sources */,
			);
			runOnlyForDeploymentPostprocessing = 0;
		};
		CEC39F7C29B9BA1000C75B2B /* Sources */ = {
			isa = PBXSourcesBuildPhase;
			buildActionMask = 2147483647;
			files = (
				CEC39F8529B9BA1000C75B2B /* NewsUITests.swift in Sources */,
				CEC39F8729B9BA1000C75B2B /* NewsUITestsLaunchTests.swift in Sources */,
			);
			runOnlyForDeploymentPostprocessing = 0;
		};
/* End PBXSourcesBuildPhase section */

/* Begin PBXTargetDependency section */
		CEC39F7829B9BA1000C75B2B /* PBXTargetDependency */ = {
			isa = PBXTargetDependency;
			target = CEC39F5C29B9BA0900C75B2B /* News */;
			targetProxy = CEC39F7729B9BA1000C75B2B /* PBXContainerItemProxy */;
		};
		CEC39F8229B9BA1000C75B2B /* PBXTargetDependency */ = {
			isa = PBXTargetDependency;
			target = CEC39F5C29B9BA0900C75B2B /* News */;
			targetProxy = CEC39F8129B9BA1000C75B2B /* PBXContainerItemProxy */;
		};
/* End PBXTargetDependency section */

/* Begin PBXVariantGroup section */
		CEC39F6E29B9BA0F00C75B2B /* LaunchScreen.storyboard */ = {
			isa = PBXVariantGroup;
			children = (
				CEC39F6F29B9BA0F00C75B2B /* Base */,
			);
			name = LaunchScreen.storyboard;
			sourceTree = "<group>";
		};
/* End PBXVariantGroup section */

/* Begin XCBuildConfiguration section */
		CEC39F8829B9BA1000C75B2B /* Debug */ = {
			isa = XCBuildConfiguration;
			buildSettings = {
				ALWAYS_SEARCH_USER_PATHS = NO;
				CLANG_ANALYZER_NONNULL = YES;
				CLANG_ANALYZER_NUMBER_OBJECT_CONVERSION = YES_AGGRESSIVE;
				CLANG_CXX_LANGUAGE_STANDARD = "gnu++20";
				CLANG_ENABLE_MODULES = YES;
				CLANG_ENABLE_OBJC_ARC = YES;
				CLANG_ENABLE_OBJC_WEAK = YES;
				CLANG_WARN_BLOCK_CAPTURE_AUTORELEASING = YES;
				CLANG_WARN_BOOL_CONVERSION = YES;
				CLANG_WARN_COMMA = YES;
				CLANG_WARN_CONSTANT_CONVERSION = YES;
				CLANG_WARN_DEPRECATED_OBJC_IMPLEMENTATIONS = YES;
				CLANG_WARN_DIRECT_OBJC_ISA_USAGE = YES_ERROR;
				CLANG_WARN_DOCUMENTATION_COMMENTS = YES;
				CLANG_WARN_EMPTY_BODY = YES;
				CLANG_WARN_ENUM_CONVERSION = YES;
				CLANG_WARN_INFINITE_RECURSION = YES;
				CLANG_WARN_INT_CONVERSION = YES;
				CLANG_WARN_NON_LITERAL_NULL_CONVERSION = YES;
				CLANG_WARN_OBJC_IMPLICIT_RETAIN_SELF = YES;
				CLANG_WARN_OBJC_LITERAL_CONVERSION = YES;
				CLANG_WARN_OBJC_ROOT_CLASS = YES_ERROR;
				CLANG_WARN_QUOTED_INCLUDE_IN_FRAMEWORK_HEADER = YES;
				CLANG_WARN_RANGE_LOOP_ANALYSIS = YES;
				CLANG_WARN_STRICT_PROTOTYPES = YES;
				CLANG_WARN_SUSPICIOUS_MOVE = YES;
				CLANG_WARN_UNGUARDED_AVAILABILITY = YES_AGGRESSIVE;
				CLANG_WARN_UNREACHABLE_CODE = YES;
				CLANG_WARN__DUPLICATE_METHOD_MATCH = YES;
				COPY_PHASE_STRIP = NO;
				DEBUG_INFORMATION_FORMAT = dwarf;
				ENABLE_STRICT_OBJC_MSGSEND = YES;
				ENABLE_TESTABILITY = YES;
				GCC_C_LANGUAGE_STANDARD = gnu11;
				GCC_DYNAMIC_NO_PIC = NO;
				GCC_NO_COMMON_BLOCKS = YES;
				GCC_OPTIMIZATION_LEVEL = 0;
				GCC_PREPROCESSOR_DEFINITIONS = (
					"DEBUG=1",
					"$(inherited)",
				);
				GCC_WARN_64_TO_32_BIT_CONVERSION = YES;
				GCC_WARN_ABOUT_RETURN_TYPE = YES_ERROR;
				GCC_WARN_UNDECLARED_SELECTOR = YES;
				GCC_WARN_UNINITIALIZED_AUTOS = YES_AGGRESSIVE;
				GCC_WARN_UNUSED_FUNCTION = YES;
				GCC_WARN_UNUSED_VARIABLE = YES;
				IPHONEOS_DEPLOYMENT_TARGET = 16.2;
				MTL_ENABLE_DEBUG_INFO = INCLUDE_SOURCE;
				MTL_FAST_MATH = YES;
				ONLY_ACTIVE_ARCH = YES;
				SDKROOT = iphoneos;
				SWIFT_ACTIVE_COMPILATION_CONDITIONS = DEBUG;
				SWIFT_OPTIMIZATION_LEVEL = "-Onone";
			};
			name = Debug;
		};
		CEC39F8929B9BA1000C75B2B /* Release */ = {
			isa = XCBuildConfiguration;
			buildSettings = {
				ALWAYS_SEARCH_USER_PATHS = NO;
				CLANG_ANALYZER_NONNULL = YES;
				CLANG_ANALYZER_NUMBER_OBJECT_CONVERSION = YES_AGGRESSIVE;
				CLANG_CXX_LANGUAGE_STANDARD = "gnu++20";
				CLANG_ENABLE_MODULES = YES;
				CLANG_ENABLE_OBJC_ARC = YES;
				CLANG_ENABLE_OBJC_WEAK = YES;
				CLANG_WARN_BLOCK_CAPTURE_AUTORELEASING = YES;
				CLANG_WARN_BOOL_CONVERSION = YES;
				CLANG_WARN_COMMA = YES;
				CLANG_WARN_CONSTANT_CONVERSION = YES;
				CLANG_WARN_DEPRECATED_OBJC_IMPLEMENTATIONS = YES;
				CLANG_WARN_DIRECT_OBJC_ISA_USAGE = YES_ERROR;
				CLANG_WARN_DOCUMENTATION_COMMENTS = YES;
				CLANG_WARN_EMPTY_BODY = YES;
				CLANG_WARN_ENUM_CONVERSION = YES;
				CLANG_WARN_INFINITE_RECURSION = YES;
				CLANG_WARN_INT_CONVERSION = YES;
				CLANG_WARN_NON_LITERAL_NULL_CONVERSION = YES;
				CLANG_WARN_OBJC_IMPLICIT_RETAIN_SELF = YES;
				CLANG_WARN_OBJC_LITERAL_CONVERSION = YES;
				CLANG_WARN_OBJC_ROOT_CLASS = YES_ERROR;
				CLANG_WARN_QUOTED_INCLUDE_IN_FRAMEWORK_HEADER = YES;
				CLANG_WARN_RANGE_LOOP_ANALYSIS = YES;
				CLANG_WARN_STRICT_PROTOTYPES = YES;
				CLANG_WARN_SUSPICIOUS_MOVE = YES;
				CLANG_WARN_UNGUARDED_AVAILABILITY = YES_AGGRESSIVE;
				CLANG_WARN_UNREACHABLE_CODE = YES;
				CLANG_WARN__DUPLICATE_METHOD_MATCH = YES;
				COPY_PHASE_STRIP = NO;
				DEBUG_INFORMATION_FORMAT = "dwarf-with-dsym";
				ENABLE_NS_ASSERTIONS = NO;
				ENABLE_STRICT_OBJC_MSGSEND = YES;
				GCC_C_LANGUAGE_STANDARD = gnu11;
				GCC_NO_COMMON_BLOCKS = YES;
				GCC_WARN_64_TO_32_BIT_CONVERSION = YES;
				GCC_WARN_ABOUT_RETURN_TYPE = YES_ERROR;
				GCC_WARN_UNDECLARED_SELECTOR = YES;
				GCC_WARN_UNINITIALIZED_AUTOS = YES_AGGRESSIVE;
				GCC_WARN_UNUSED_FUNCTION = YES;
				GCC_WARN_UNUSED_VARIABLE = YES;
				IPHONEOS_DEPLOYMENT_TARGET = 16.2;
				MTL_ENABLE_DEBUG_INFO = NO;
				MTL_FAST_MATH = YES;
				SDKROOT = iphoneos;
				SWIFT_COMPILATION_MODE = wholemodule;
				SWIFT_OPTIMIZATION_LEVEL = "-O";
				VALIDATE_PRODUCT = YES;
			};
			name = Release;
		};
		CEC39F8B29B9BA1000C75B2B /* Debug */ = {
			isa = XCBuildConfiguration;
			buildSettings = {
				ASSETCATALOG_COMPILER_APPICON_NAME = AppIcon;
				ASSETCATALOG_COMPILER_GLOBAL_ACCENT_COLOR_NAME = AccentColor;
				CODE_SIGN_STYLE = Automatic;
				CURRENT_PROJECT_VERSION = 1;
				DEVELOPMENT_TEAM = 2CB4ZKDYA2;
				GENERATE_INFOPLIST_FILE = YES;
				INFOPLIST_FILE = News/Info.plist;
				INFOPLIST_KEY_UIApplicationSupportsIndirectInputEvents = YES;
				INFOPLIST_KEY_UILaunchStoryboardName = LaunchScreen;
				INFOPLIST_KEY_UIMainStoryboardFile = "";
				INFOPLIST_KEY_UISupportedInterfaceOrientations = "UIInterfaceOrientationPortrait UIInterfaceOrientationPortraitUpsideDown";
				LD_RUNPATH_SEARCH_PATHS = (
					"$(inherited)",
					"@executable_path/Frameworks",
				);
				MARKETING_VERSION = 1.0;
				PRODUCT_BUNDLE_IDENTIFIER = williamwcp06.News;
				PRODUCT_NAME = "$(TARGET_NAME)";
				SWIFT_EMIT_LOC_STRINGS = YES;
				SWIFT_VERSION = 5.0;
				TARGETED_DEVICE_FAMILY = "1,2";
			};
			name = Debug;
		};
		CEC39F8C29B9BA1000C75B2B /* Release */ = {
			isa = XCBuildConfiguration;
			buildSettings = {
				ASSETCATALOG_COMPILER_APPICON_NAME = AppIcon;
				ASSETCATALOG_COMPILER_GLOBAL_ACCENT_COLOR_NAME = AccentColor;
				CODE_SIGN_STYLE = Automatic;
				CURRENT_PROJECT_VERSION = 1;
				DEVELOPMENT_TEAM = 2CB4ZKDYA2;
				GENERATE_INFOPLIST_FILE = YES;
				INFOPLIST_FILE = News/Info.plist;
				INFOPLIST_KEY_UIApplicationSupportsIndirectInputEvents = YES;
				INFOPLIST_KEY_UILaunchStoryboardName = LaunchScreen;
				INFOPLIST_KEY_UIMainStoryboardFile = "";
				INFOPLIST_KEY_UISupportedInterfaceOrientations = "UIInterfaceOrientationPortrait UIInterfaceOrientationPortraitUpsideDown";
				LD_RUNPATH_SEARCH_PATHS = (
					"$(inherited)",
					"@executable_path/Frameworks",
				);
				MARKETING_VERSION = 1.0;
				PRODUCT_BUNDLE_IDENTIFIER = williamwcp06.News;
				PRODUCT_NAME = "$(TARGET_NAME)";
				SWIFT_EMIT_LOC_STRINGS = YES;
				SWIFT_VERSION = 5.0;
				TARGETED_DEVICE_FAMILY = "1,2";
			};
			name = Release;
		};
		CEC39F8E29B9BA1000C75B2B /* Debug */ = {
			isa = XCBuildConfiguration;
			buildSettings = {
				ALWAYS_EMBED_SWIFT_STANDARD_LIBRARIES = YES;
				BUNDLE_LOADER = "$(TEST_HOST)";
				CODE_SIGN_STYLE = Automatic;
				CURRENT_PROJECT_VERSION = 1;
				DEVELOPMENT_TEAM = 2CB4ZKDYA2;
				GENERATE_INFOPLIST_FILE = YES;
				IPHONEOS_DEPLOYMENT_TARGET = 16.2;
				MARKETING_VERSION = 1.0;
				PRODUCT_BUNDLE_IDENTIFIER = williamwcp06.NewsTests;
				PRODUCT_NAME = "$(TARGET_NAME)";
				SWIFT_EMIT_LOC_STRINGS = NO;
				SWIFT_VERSION = 5.0;
				TARGETED_DEVICE_FAMILY = "1,2";
				TEST_HOST = "$(BUILT_PRODUCTS_DIR)/News.app/$(BUNDLE_EXECUTABLE_FOLDER_PATH)/News";
			};
			name = Debug;
		};
		CEC39F8F29B9BA1000C75B2B /* Release */ = {
			isa = XCBuildConfiguration;
			buildSettings = {
				ALWAYS_EMBED_SWIFT_STANDARD_LIBRARIES = YES;
				BUNDLE_LOADER = "$(TEST_HOST)";
				CODE_SIGN_STYLE = Automatic;
				CURRENT_PROJECT_VERSION = 1;
				DEVELOPMENT_TEAM = 2CB4ZKDYA2;
				GENERATE_INFOPLIST_FILE = YES;
				IPHONEOS_DEPLOYMENT_TARGET = 16.2;
				MARKETING_VERSION = 1.0;
				PRODUCT_BUNDLE_IDENTIFIER = williamwcp06.NewsTests;
				PRODUCT_NAME = "$(TARGET_NAME)";
				SWIFT_EMIT_LOC_STRINGS = NO;
				SWIFT_VERSION = 5.0;
				TARGETED_DEVICE_FAMILY = "1,2";
				TEST_HOST = "$(BUILT_PRODUCTS_DIR)/News.app/$(BUNDLE_EXECUTABLE_FOLDER_PATH)/News";
			};
			name = Release;
		};
		CEC39F9129B9BA1000C75B2B /* Debug */ = {
			isa = XCBuildConfiguration;
			buildSettings = {
				ALWAYS_EMBED_SWIFT_STANDARD_LIBRARIES = YES;
				CODE_SIGN_STYLE = Automatic;
				CURRENT_PROJECT_VERSION = 1;
				DEVELOPMENT_TEAM = 2CB4ZKDYA2;
				GENERATE_INFOPLIST_FILE = YES;
				MARKETING_VERSION = 1.0;
				PRODUCT_BUNDLE_IDENTIFIER = williamwcp06.NewsUITests;
				PRODUCT_NAME = "$(TARGET_NAME)";
				SWIFT_EMIT_LOC_STRINGS = NO;
				SWIFT_VERSION = 5.0;
				TARGETED_DEVICE_FAMILY = "1,2";
				TEST_TARGET_NAME = News;
			};
			name = Debug;
		};
		CEC39F9229B9BA1000C75B2B /* Release */ = {
			isa = XCBuildConfiguration;
			buildSettings = {
				ALWAYS_EMBED_SWIFT_STANDARD_LIBRARIES = YES;
				CODE_SIGN_STYLE = Automatic;
				CURRENT_PROJECT_VERSION = 1;
				DEVELOPMENT_TEAM = 2CB4ZKDYA2;
				GENERATE_INFOPLIST_FILE = YES;
				MARKETING_VERSION = 1.0;
				PRODUCT_BUNDLE_IDENTIFIER = williamwcp06.NewsUITests;
				PRODUCT_NAME = "$(TARGET_NAME)";
				SWIFT_EMIT_LOC_STRINGS = NO;
				SWIFT_VERSION = 5.0;
				TARGETED_DEVICE_FAMILY = "1,2";
				TEST_TARGET_NAME = News;
			};
			name = Release;
		};
/* End XCBuildConfiguration section */

/* Begin XCConfigurationList section */
		CEC39F5829B9BA0900C75B2B /* Build configuration list for PBXProject "News" */ = {
			isa = XCConfigurationList;
			buildConfigurations = (
				CEC39F8829B9BA1000C75B2B /* Debug */,
				CEC39F8929B9BA1000C75B2B /* Release */,
			);
			defaultConfigurationIsVisible = 0;
			defaultConfigurationName = Release;
		};
		CEC39F8A29B9BA1000C75B2B /* Build configuration list for PBXNativeTarget "News" */ = {
			isa = XCConfigurationList;
			buildConfigurations = (
				CEC39F8B29B9BA1000C75B2B /* Debug */,
				CEC39F8C29B9BA1000C75B2B /* Release */,
			);
			defaultConfigurationIsVisible = 0;
			defaultConfigurationName = Release;
		};
		CEC39F8D29B9BA1000C75B2B /* Build configuration list for PBXNativeTarget "NewsTests" */ = {
			isa = XCConfigurationList;
			buildConfigurations = (
				CEC39F8E29B9BA1000C75B2B /* Debug */,
				CEC39F8F29B9BA1000C75B2B /* Release */,
			);
			defaultConfigurationIsVisible = 0;
			defaultConfigurationName = Release;
		};
		CEC39F9029B9BA1000C75B2B /* Build configuration list for PBXNativeTarget "NewsUITests" */ = {
			isa = XCConfigurationList;
			buildConfigurations = (
				CEC39F9129B9BA1000C75B2B /* Debug */,
				CEC39F9229B9BA1000C75B2B /* Release */,
			);
			defaultConfigurationIsVisible = 0;
			defaultConfigurationName = Release;
		};
/* End XCConfigurationList section */

/* Begin XCRemoteSwiftPackageReference section */
		CE794CA429BA423F0040B2D5 /* XCRemoteSwiftPackageReference "Kingfisher" */ = {
			isa = XCRemoteSwiftPackageReference;
			repositoryURL = "https://github.com/onevcat/Kingfisher.git";
			requirement = {
				kind = exactVersion;
				version = 7.6.2;
			};
		};
		CEC3A12929B9C00C00C75B2B /* XCRemoteSwiftPackageReference "SnapKit" */ = {
			isa = XCRemoteSwiftPackageReference;
			repositoryURL = "https://github.com/SnapKit/SnapKit.git";
			requirement = {
				kind = exactVersion;
				version = 5.6.0;
			};
		};
/* End XCRemoteSwiftPackageReference section */

/* Begin XCSwiftPackageProductDependency section */
		CE794CA529BA423F0040B2D5 /* Kingfisher */ = {
			isa = XCSwiftPackageProductDependency;
			package = CE794CA429BA423F0040B2D5 /* XCRemoteSwiftPackageReference "Kingfisher" */;
			productName = Kingfisher;
		};
		CEC3A12A29B9C00C00C75B2B /* SnapKit */ = {
			isa = XCSwiftPackageProductDependency;
			package = CEC3A12929B9C00C00C75B2B /* XCRemoteSwiftPackageReference "SnapKit" */;
			productName = SnapKit;
		};
/* End XCSwiftPackageProductDependency section */

/* Begin XCVersionGroup section */
		CEC39F6929B9BA0900C75B2B /* News.xcdatamodeld */ = {
			isa = XCVersionGroup;
			children = (
				CEC39F6A29B9BA0900C75B2B /* News.xcdatamodel */,
			);
			currentVersion = CEC39F6A29B9BA0900C75B2B /* News.xcdatamodel */;
			path = News.xcdatamodeld;
			sourceTree = "<group>";
			versionGroupType = wrapper.xcdatamodel;
		};
/* End XCVersionGroup section */
	};
	rootObject = CEC39F5529B9BA0900C75B2B /* Project object */;
}
